
Microsoft Visual Studio Solution File, Format Version 12.00
# Visual Studio Version 17
VisualStudioVersion = 17.13.35913.81 d17.13
MinimumVisualStudioVersion = 10.0.40219.1
Project("{FAE04EC0-301F-11D3-BF4B-00C04F79EFBC}") = "DiGi.WebTracker.UI.Application", "DiGi.WebTracker.UI.Application\DiGi.WebTracker.UI.Application.csproj", "{704B7A6F-00BB-40CC-9124-4E56DD3CE90D}"
EndProject
Project("{FAE04EC0-301F-11D3-BF4B-00C04F79EFBC}") = "DiGi.WebTracker", "DiGi.WebTracker\DiGi.WebTracker.csproj", "{2E82F076-82CB-4765-B64B-0991B40CF6AB}"
EndProject
Project("{FAE04EC0-301F-11D3-BF4B-00C04F79EFBC}") = "DiGi.WebTracker.UI", "DiGi.WebTracker.UI\DiGi.WebTracker.UI.csproj", "{60772B24-4C00-4AF3-9CBD-39194E549E56}"
EndProject
Global
	GlobalSection(SolutionConfigurationPlatforms) = preSolution
		Debug|Any CPU = Debug|Any CPU
		Release|Any CPU = Release|Any CPU
	EndGlobalSection
	GlobalSection(ProjectConfigurationPlatforms) = postSolution
		{704B7A6F-00BB-40CC-9124-4E56DD3CE90D}.Debug|Any CPU.ActiveCfg = Debug|Any CPU
		{704B7A6F-00BB-40CC-9124-4E56DD3CE90D}.Debug|Any CPU.Build.0 = Debug|Any CPU
		{704B7A6F-00BB-40CC-9124-4E56DD3CE90D}.Release|Any CPU.ActiveCfg = Release|Any CPU
		{704B7A6F-00BB-40CC-9124-4E56DD3CE90D}.Release|Any CPU.Build.0 = Release|Any CPU
		{2E82F076-82CB-4765-B64B-0991B40CF6AB}.Debug|Any CPU.ActiveCfg = Debug|Any CPU
		{2E82F076-82CB-4765-B64B-0991B40CF6AB}.Debug|Any CPU.Build.0 = Debug|Any CPU
		{2E82F076-82CB-4765-B64B-0991B40CF6AB}.Release|Any CPU.ActiveCfg = Release|Any CPU
		{2E82F076-82CB-4765-B64B-0991B40CF6AB}.Release|Any CPU.Build.0 = Release|Any CPU
		{60772B24-4C00-4AF3-9CBD-39194E549E56}.Debug|Any CPU.ActiveCfg = Debug|Any CPU
		{60772B24-4C00-4AF3-9CBD-39194E549E56}.Debug|Any CPU.Build.0 = Debug|Any CPU
		{60772B24-4C00-4AF3-9CBD-39194E549E56}.Release|Any CPU.ActiveCfg = Release|Any CPU
		{60772B24-4C00-4AF3-9CBD-39194E549E56}.Release|Any CPU.Build.0 = Release|Any CPU
	EndGlobalSection
	GlobalSection(SolutionProperties) = preSolution
		HideSolutionNode = FALSE
	EndGlobalSection
	GlobalSection(ExtensibilityGlobals) = postSolution
		SolutionGuid = {F102D5F5-CBA9-4E16-8962-E41DFCDFE5B3}
	EndGlobalSection
EndGlobal
